
Microsoft Visual Studio Solution File, Format Version 12.00
# Visual Studio Version 17
VisualStudioVersion = 17.5.002.0
MinimumVisualStudioVersion = 10.0.40219.1
Project("{9A19103F-16F7-4668-BE54-9A1E7A4F7556}") = "Question2", "Question2.csproj", "{54C8A8F3-44C1-433E-9BF6-4A57DB591532}"
EndProject
Global
	GlobalSection(SolutionConfigurationPlatforms) = preSolution
		Debug|Any CPU = Debug|Any CPU
		Release|Any CPU = Release|Any CPU
	EndGlobalSection
	GlobalSection(ProjectConfigurationPlatforms) = postSolution
		{54C8A8F3-44C1-433E-9BF6-4A57DB591532}.Debug|Any CPU.ActiveCfg = Debug|Any CPU
		{54C8A8F3-44C1-433E-9BF6-4A57DB591532}.Debug|Any CPU.Build.0 = Debug|Any CPU
		{54C8A8F3-44C1-433E-9BF6-4A57DB591532}.Release|Any CPU.ActiveCfg = Release|Any CPU
		{54C8A8F3-44C1-433E-9BF6-4A57DB591532}.Release|Any CPU.Build.0 = Release|Any CPU
	EndGlobalSection
	GlobalSection(SolutionProperties) = preSolution
		HideSolutionNode = FALSE
	EndGlobalSection
	GlobalSection(ExtensibilityGlobals) = postSolution
		SolutionGuid = {1298AE7D-3409-4471-9677-8CD683B0FC0C}
	EndGlobalSection
EndGlobal
